
Microsoft Visual Studio Solution File, Format Version 12.00
# Visual Studio Version 17
VisualStudioVersion = 17.8.34525.116
MinimumVisualStudioVersion = 10.0.40219.1
Project("{FAE04EC0-301F-11D3-BF4B-00C04F79EFBC}") = "laba6", "laba6\laba6.csproj", "{4225A9DF-883C-4BAD-B435-E9C7CE1BB47E}"
EndProject
Global
	GlobalSection(SolutionConfigurationPlatforms) = preSolution
		Debug|Any CPU = Debug|Any CPU
		Release|Any CPU = Release|Any CPU
	EndGlobalSection
	GlobalSection(ProjectConfigurationPlatforms) = postSolution
		{4225A9DF-883C-4BAD-B435-E9C7CE1BB47E}.Debug|Any CPU.ActiveCfg = Debug|Any CPU
		{4225A9DF-883C-4BAD-B435-E9C7CE1BB47E}.Debug|Any CPU.Build.0 = Debug|Any CPU
		{4225A9DF-883C-4BAD-B435-E9C7CE1BB47E}.Release|Any CPU.ActiveCfg = Release|Any CPU
		{4225A9DF-883C-4BAD-B435-E9C7CE1BB47E}.Release|Any CPU.Build.0 = Release|Any CPU
	EndGlobalSection
	GlobalSection(SolutionProperties) = preSolution
		HideSolutionNode = FALSE
	EndGlobalSection
	GlobalSection(ExtensibilityGlobals) = postSolution
		SolutionGuid = {333018F1-B3D7-4343-8AEC-2AA506008E58}
	EndGlobalSection
EndGlobal
